// !$*UTF8*$!
{
	archiveVersion = 1;
	classes = {
	};
	objectVersion = 56;
	objects = {

/* Begin PBXBuildFile section */
		BFFD03342C91CAC1003AD983 /* AppDelegate.swift in Sources */ = {isa = PBXBuildFile; fileRef = BFFD03332C91CAC1003AD983 /* AppDelegate.swift */; };
		BFFD03362C91CAC1003AD983 /* SceneDelegate.swift in Sources */ = {isa = PBXBuildFile; fileRef = BFFD03352C91CAC1003AD983 /* SceneDelegate.swift */; };
		BFFD03382C91CAC1003AD983 /* ListViewController.swift in Sources */ = {isa = PBXBuildFile; fileRef = BFFD03372C91CAC1003AD983 /* ListViewController.swift */; };
		BFFD033D2C91CAC3003AD983 /* Assets.xcassets in Resources */ = {isa = PBXBuildFile; fileRef = BFFD033C2C91CAC3003AD983 /* Assets.xcassets */; };
		BFFD03402C91CAC3003AD983 /* LaunchScreen.storyboard in Resources */ = {isa = PBXBuildFile; fileRef = BFFD033E2C91CAC3003AD983 /* LaunchScreen.storyboard */; };
		BFFD03482C91D3D0003AD983 /* ListViewController.xib in Resources */ = {isa = PBXBuildFile; fileRef = BFFD03472C91D3D0003AD983 /* ListViewController.xib */; };
		BFFD035A2C91D616003AD983 /* Coordinator.swift in Sources */ = {isa = PBXBuildFile; fileRef = BFFD03592C91D616003AD983 /* Coordinator.swift */; };
		BFFD035C2C91D653003AD983 /* HomeCoordinator.swift in Sources */ = {isa = PBXBuildFile; fileRef = BFFD035B2C91D653003AD983 /* HomeCoordinator.swift */; };
		BFFD035E2C91D699003AD983 /* Post.swift in Sources */ = {isa = PBXBuildFile; fileRef = BFFD035D2C91D699003AD983 /* Post.swift */; };
		BFFD03602C91D6B9003AD983 /* PostService.swift in Sources */ = {isa = PBXBuildFile; fileRef = BFFD035F2C91D6B9003AD983 /* PostService.swift */; };
		BFFD03622C91D725003AD983 /* PostRepository.swift in Sources */ = {isa = PBXBuildFile; fileRef = BFFD03612C91D725003AD983 /* PostRepository.swift */; };
		BFFD03642C91D745003AD983 /* GetPostsUseCase.swift in Sources */ = {isa = PBXBuildFile; fileRef = BFFD03632C91D745003AD983 /* GetPostsUseCase.swift */; };
		BFFD03662C91D7BF003AD983 /* PostListViewModel.swift in Sources */ = {isa = PBXBuildFile; fileRef = BFFD03652C91D7BF003AD983 /* PostListViewModel.swift */; };
		BFFD036C2C91DA01003AD983 /* DetailViewController.swift in Sources */ = {isa = PBXBuildFile; fileRef = BFFD036A2C91DA01003AD983 /* DetailViewController.swift */; };
		BFFD036D2C91DA01003AD983 /* DetailViewController.xib in Resources */ = {isa = PBXBuildFile; fileRef = BFFD036B2C91DA01003AD983 /* DetailViewController.xib */; };
/* End PBXBuildFile section */

/* Begin PBXFileReference section */
		BFFD03302C91CAC1003AD983 /* CombineMVVMUIKitExample.app */ = {isa = PBXFileReference; explicitFileType = wrapper.application; includeInIndex = 0; path = CombineMVVMUIKitExample.app; sourceTree = BUILT_PRODUCTS_DIR; };
		BFFD03332C91CAC1003AD983 /* AppDelegate.swift */ = {isa = PBXFileReference; lastKnownFileType = sourcecode.swift; path = AppDelegate.swift; sourceTree = "<group>"; };
		BFFD03352C91CAC1003AD983 /* SceneDelegate.swift */ = {isa = PBXFileReference; lastKnownFileType = sourcecode.swift; path = SceneDelegate.swift; sourceTree = "<group>"; };
		BFFD03372C91CAC1003AD983 /* ListViewController.swift */ = {isa = PBXFileReference; lastKnownFileType = sourcecode.swift; path = ListViewController.swift; sourceTree = "<group>"; };
		BFFD033C2C91CAC3003AD983 /* Assets.xcassets */ = {isa = PBXFileReference; lastKnownFileType = folder.assetcatalog; path = Assets.xcassets; sourceTree = "<group>"; };
		BFFD033F2C91CAC3003AD983 /* Base */ = {isa = PBXFileReference; lastKnownFileType = file.storyboard; name = Base; path = Base.lproj/LaunchScreen.storyboard; sourceTree = "<group>"; };
		BFFD03412C91CAC3003AD983 /* Info.plist */ = {isa = PBXFileReference; lastKnownFileType = text.plist.xml; path = Info.plist; sourceTree = "<group>"; };
		BFFD03472C91D3D0003AD983 /* ListViewController.xib */ = {isa = PBXFileReference; lastKnownFileType = file.xib; path = ListViewController.xib; sourceTree = "<group>"; };
		BFFD03592C91D616003AD983 /* Coordinator.swift */ = {isa = PBXFileReference; lastKnownFileType = sourcecode.swift; path = Coordinator.swift; sourceTree = "<group>"; };
		BFFD035B2C91D653003AD983 /* HomeCoordinator.swift */ = {isa = PBXFileReference; lastKnownFileType = sourcecode.swift; path = HomeCoordinator.swift; sourceTree = "<group>"; };
		BFFD035D2C91D699003AD983 /* Post.swift */ = {isa = PBXFileReference; lastKnownFileType = sourcecode.swift; path = Post.swift; sourceTree = "<group>"; };
		BFFD035F2C91D6B9003AD983 /* PostService.swift */ = {isa = PBXFileReference; lastKnownFileType = sourcecode.swift; path = PostService.swift; sourceTree = "<group>"; };
		BFFD03612C91D725003AD983 /* PostRepository.swift */ = {isa = PBXFileReference; lastKnownFileType = sourcecode.swift; path = PostRepository.swift; sourceTree = "<group>"; };
		BFFD03632C91D745003AD983 /* GetPostsUseCase.swift */ = {isa = PBXFileReference; lastKnownFileType = sourcecode.swift; path = GetPostsUseCase.swift; sourceTree = "<group>"; };
		BFFD03652C91D7BF003AD983 /* PostListViewModel.swift */ = {isa = PBXFileReference; lastKnownFileType = sourcecode.swift; path = PostListViewModel.swift; sourceTree = "<group>"; };
		BFFD036A2C91DA01003AD983 /* DetailViewController.swift */ = {isa = PBXFileReference; lastKnownFileType = sourcecode.swift; path = DetailViewController.swift; sourceTree = "<group>"; };
		BFFD036B2C91DA01003AD983 /* DetailViewController.xib */ = {isa = PBXFileReference; lastKnownFileType = file.xib; path = DetailViewController.xib; sourceTree = "<group>"; };
/* End PBXFileReference section */

/* Begin PBXFrameworksBuildPhase section */
		BFFD032D2C91CAC1003AD983 /* Frameworks */ = {
			isa = PBXFrameworksBuildPhase;
			buildActionMask = 2147483647;
			files = (
			);
			runOnlyForDeploymentPostprocessing = 0;
		};
/* End PBXFrameworksBuildPhase section */

/* Begin PBXGroup section */
		BFFD03272C91CAC0003AD983 = {
			isa = PBXGroup;
			children = (
				BFFD03322C91CAC1003AD983 /* CombineMVVMUIKitExample */,
				BFFD03312C91CAC1003AD983 /* Products */,
			);
			sourceTree = "<group>";
		};
		BFFD03312C91CAC1003AD983 /* Products */ = {
			isa = PBXGroup;
			children = (
				BFFD03302C91CAC1003AD983 /* CombineMVVMUIKitExample.app */,
			);
			name = Products;
			sourceTree = "<group>";
		};
		BFFD03322C91CAC1003AD983 /* CombineMVVMUIKitExample */ = {
			isa = PBXGroup;
			children = (
				BFFD03412C91CAC3003AD983 /* Info.plist */,
				BFFD03492C91D515003AD983 /* Application */,
				BFFD034C2C91D52B003AD983 /* Data */,
				BFFD03502C91D554003AD983 /* Domain */,
				BFFD03532C91D566003AD983 /* Presentation */,
				BFFD03572C91D5B4003AD983 /* Resources */,
			);
			path = CombineMVVMUIKitExample;
			sourceTree = "<group>";
		};
		BFFD03492C91D515003AD983 /* Application */ = {
			isa = PBXGroup;
			children = (
				BFFD033E2C91CAC3003AD983 /* LaunchScreen.storyboard */,
				BFFD03332C91CAC1003AD983 /* AppDelegate.swift */,
				BFFD03352C91CAC1003AD983 /* SceneDelegate.swift */,
				BFFD034A2C91D51D003AD983 /* Coordinators */,
			);
			path = Application;
			sourceTree = "<group>";
		};
		BFFD034A2C91D51D003AD983 /* Coordinators */ = {
			isa = PBXGroup;
			children = (
				BFFD03592C91D616003AD983 /* Coordinator.swift */,
				BFFD035B2C91D653003AD983 /* HomeCoordinator.swift */,
			);
			path = Coordinators;
			sourceTree = "<group>";
		};
		BFFD034C2C91D52B003AD983 /* Data */ = {
			isa = PBXGroup;
			children = (
				BFFD034F2C91D546003AD983 /* Repositories */,
				BFFD034E2C91D540003AD983 /* Network */,
				BFFD034D2C91D538003AD983 /* Models */,
			);
			path = Data;
			sourceTree = "<group>";
		};
		BFFD034D2C91D538003AD983 /* Models */ = {
			isa = PBXGroup;
			children = (
				BFFD035D2C91D699003AD983 /* Post.swift */,
			);
			path = Models;
			sourceTree = "<group>";
		};
		BFFD034E2C91D540003AD983 /* Network */ = {
			isa = PBXGroup;
			children = (
				BFFD035F2C91D6B9003AD983 /* PostService.swift */,
			);
			path = Network;
			sourceTree = "<group>";
		};
		BFFD034F2C91D546003AD983 /* Repositories */ = {
			isa = PBXGroup;
			children = (
				BFFD03612C91D725003AD983 /* PostRepository.swift */,
			);
			path = Repositories;
			sourceTree = "<group>";
		};
		BFFD03502C91D554003AD983 /* Domain */ = {
			isa = PBXGroup;
			children = (
				BFFD03522C91D55F003AD983 /* UseCases */,
				BFFD03512C91D559003AD983 /* Entities */,
			);
			path = Domain;
			sourceTree = "<group>";
		};
		BFFD03512C91D559003AD983 /* Entities */ = {
			isa = PBXGroup;
			children = (
			);
			path = Entities;
			sourceTree = "<group>";
		};
		BFFD03522C91D55F003AD983 /* UseCases */ = {
			isa = PBXGroup;
			children = (
				BFFD03632C91D745003AD983 /* GetPostsUseCase.swift */,
			);
			path = UseCases;
			sourceTree = "<group>";
		};
		BFFD03532C91D566003AD983 /* Presentation */ = {
			isa = PBXGroup;
			children = (
				BFFD03672C91D9CB003AD983 /* DetailView */,
				BFFD03562C91D57F003AD983 /* Home */,
			);
			path = Presentation;
			sourceTree = "<group>";
		};
		BFFD03542C91D56C003AD983 /* ViewModels */ = {
			isa = PBXGroup;
			children = (
				BFFD03652C91D7BF003AD983 /* PostListViewModel.swift */,
			);
			path = ViewModels;
			sourceTree = "<group>";
		};
		BFFD03552C91D575003AD983 /* Views */ = {
			isa = PBXGroup;
			children = (
				BFFD03372C91CAC1003AD983 /* ListViewController.swift */,
				BFFD03472C91D3D0003AD983 /* ListViewController.xib */,
			);
			path = Views;
			sourceTree = "<group>";
		};
		BFFD03562C91D57F003AD983 /* Home */ = {
			isa = PBXGroup;
			children = (
				BFFD03552C91D575003AD983 /* Views */,
				BFFD03542C91D56C003AD983 /* ViewModels */,
			);
			path = Home;
			sourceTree = "<group>";
		};
		BFFD03572C91D5B4003AD983 /* Resources */ = {
			isa = PBXGroup;
			children = (
				BFFD033C2C91CAC3003AD983 /* Assets.xcassets */,
			);
			path = Resources;
			sourceTree = "<group>";
		};
		BFFD03672C91D9CB003AD983 /* DetailView */ = {
			isa = PBXGroup;
			children = (
				BFFD03692C91D9DF003AD983 /* Views */,
			);
			path = DetailView;
			sourceTree = "<group>";
		};
		BFFD03692C91D9DF003AD983 /* Views */ = {
			isa = PBXGroup;
			children = (
				BFFD036A2C91DA01003AD983 /* DetailViewController.swift */,
				BFFD036B2C91DA01003AD983 /* DetailViewController.xib */,
			);
			path = Views;
			sourceTree = "<group>";
		};
/* End PBXGroup section */

/* Begin PBXNativeTarget section */
		BFFD032F2C91CAC1003AD983 /* CombineMVVMUIKitExample */ = {
			isa = PBXNativeTarget;
			buildConfigurationList = BFFD03442C91CAC3003AD983 /* Build configuration list for PBXNativeTarget "CombineMVVMUIKitExample" */;
			buildPhases = (
				BFFD032C2C91CAC1003AD983 /* Sources */,
				BFFD032D2C91CAC1003AD983 /* Frameworks */,
				BFFD032E2C91CAC1003AD983 /* Resources */,
			);
			buildRules = (
			);
			dependencies = (
			);
			name = CombineMVVMUIKitExample;
			productName = CombineMVVMUIKitExample;
			productReference = BFFD03302C91CAC1003AD983 /* CombineMVVMUIKitExample.app */;
			productType = "com.apple.product-type.application";
		};
/* End PBXNativeTarget section */

/* Begin PBXProject section */
		BFFD03282C91CAC0003AD983 /* Project object */ = {
			isa = PBXProject;
			attributes = {
				BuildIndependentTargetsInParallel = 1;
				LastSwiftUpdateCheck = 1520;
				LastUpgradeCheck = 1520;
				TargetAttributes = {
					BFFD032F2C91CAC1003AD983 = {
						CreatedOnToolsVersion = 15.2;
					};
				};
			};
			buildConfigurationList = BFFD032B2C91CAC1003AD983 /* Build configuration list for PBXProject "CombineMVVMUIKitExample" */;
			compatibilityVersion = "Xcode 14.0";
			developmentRegion = en;
			hasScannedForEncodings = 0;
			knownRegions = (
				en,
				Base,
			);
			mainGroup = BFFD03272C91CAC0003AD983;
			productRefGroup = BFFD03312C91CAC1003AD983 /* Products */;
			projectDirPath = "";
			projectRoot = "";
			targets = (
				BFFD032F2C91CAC1003AD983 /* CombineMVVMUIKitExample */,
			);
		};
/* End PBXProject section */

/* Begin PBXResourcesBuildPhase section */
		BFFD032E2C91CAC1003AD983 /* Resources */ = {
			isa = PBXResourcesBuildPhase;
			buildActionMask = 2147483647;
			files = (
				BFFD03402C91CAC3003AD983 /* LaunchScreen.storyboard in Resources */,
				BFFD033D2C91CAC3003AD983 /* Assets.xcassets in Resources */,
				BFFD03482C91D3D0003AD983 /* ListViewController.xib in Resources */,
				BFFD036D2C91DA01003AD983 /* DetailViewController.xib in Resources */,
			);
			runOnlyForDeploymentPostprocessing = 0;
		};
/* End PBXResourcesBuildPhase section */

/* Begin PBXSourcesBuildPhase section */
		BFFD032C2C91CAC1003AD983 /* Sources */ = {
			isa = PBXSourcesBuildPhase;
			buildActionMask = 2147483647;
			files = (
				BFFD036C2C91DA01003AD983 /* DetailViewController.swift in Sources */,
				BFFD035A2C91D616003AD983 /* Coordinator.swift in Sources */,
				BFFD03382C91CAC1003AD983 /* ListViewController.swift in Sources */,
				BFFD03662C91D7BF003AD983 /* PostListViewModel.swift in Sources */,
				BFFD03602C91D6B9003AD983 /* PostService.swift in Sources */,
				BFFD035C2C91D653003AD983 /* HomeCoordinator.swift in Sources */,
				BFFD035E2C91D699003AD983 /* Post.swift in Sources */,
				BFFD03622C91D725003AD983 /* PostRepository.swift in Sources */,
				BFFD03342C91CAC1003AD983 /* AppDelegate.swift in Sources */,
				BFFD03642C91D745003AD983 /* GetPostsUseCase.swift in Sources */,
				BFFD03362C91CAC1003AD983 /* SceneDelegate.swift in Sources */,
			);
			runOnlyForDeploymentPostprocessing = 0;
		};
/* End PBXSourcesBuildPhase section */

/* Begin PBXVariantGroup section */
		BFFD033E2C91CAC3003AD983 /* LaunchScreen.storyboard */ = {
			isa = PBXVariantGroup;
			children = (
				BFFD033F2C91CAC3003AD983 /* Base */,
			);
			name = LaunchScreen.storyboard;
			sourceTree = "<group>";
		};
/* End PBXVariantGroup section */

/* Begin XCBuildConfiguration section */
		BFFD03422C91CAC3003AD983 /* Debug */ = {
			isa = XCBuildConfiguration;
			buildSettings = {
				ALWAYS_SEARCH_USER_PATHS = NO;
				ASSETCATALOG_COMPILER_GENERATE_SWIFT_ASSET_SYMBOL_EXTENSIONS = YES;
				CLANG_ANALYZER_NONNULL = YES;
				CLANG_ANALYZER_NUMBER_OBJECT_CONVERSION = YES_AGGRESSIVE;
				CLANG_CXX_LANGUAGE_STANDARD = "gnu++20";
				CLANG_ENABLE_MODULES = YES;
				CLANG_ENABLE_OBJC_ARC = YES;
				CLANG_ENABLE_OBJC_WEAK = YES;
				CLANG_WARN_BLOCK_CAPTURE_AUTORELEASING = YES;
				CLANG_WARN_BOOL_CONVERSION = YES;
				CLANG_WARN_COMMA = YES;
				CLANG_WARN_CONSTANT_CONVERSION = YES;
				CLANG_WARN_DEPRECATED_OBJC_IMPLEMENTATIONS = YES;
				CLANG_WARN_DIRECT_OBJC_ISA_USAGE = YES_ERROR;
				CLANG_WARN_DOCUMENTATION_COMMENTS = YES;
				CLANG_WARN_EMPTY_BODY = YES;
				CLANG_WARN_ENUM_CONVERSION = YES;
				CLANG_WARN_INFINITE_RECURSION = YES;
				CLANG_WARN_INT_CONVERSION = YES;
				CLANG_WARN_NON_LITERAL_NULL_CONVERSION = YES;
				CLANG_WARN_OBJC_IMPLICIT_RETAIN_SELF = YES;
				CLANG_WARN_OBJC_LITERAL_CONVERSION = YES;
				CLANG_WARN_OBJC_ROOT_CLASS = YES_ERROR;
				CLANG_WARN_QUOTED_INCLUDE_IN_FRAMEWORK_HEADER = YES;
				CLANG_WARN_RANGE_LOOP_ANALYSIS = YES;
				CLANG_WARN_STRICT_PROTOTYPES = YES;
				CLANG_WARN_SUSPICIOUS_MOVE = YES;
				CLANG_WARN_UNGUARDED_AVAILABILITY = YES_AGGRESSIVE;
				CLANG_WARN_UNREACHABLE_CODE = YES;
				CLANG_WARN__DUPLICATE_METHOD_MATCH = YES;
				COPY_PHASE_STRIP = NO;
				DEBUG_INFORMATION_FORMAT = dwarf;
				ENABLE_STRICT_OBJC_MSGSEND = YES;
				ENABLE_TESTABILITY = YES;
				ENABLE_USER_SCRIPT_SANDBOXING = YES;
				GCC_C_LANGUAGE_STANDARD = gnu17;
				GCC_DYNAMIC_NO_PIC = NO;
				GCC_NO_COMMON_BLOCKS = YES;
				GCC_OPTIMIZATION_LEVEL = 0;
				GCC_PREPROCESSOR_DEFINITIONS = (
					"DEBUG=1",
					"$(inherited)",
				);
				GCC_WARN_64_TO_32_BIT_CONVERSION = YES;
				GCC_WARN_ABOUT_RETURN_TYPE = YES_ERROR;
				GCC_WARN_UNDECLARED_SELECTOR = YES;
				GCC_WARN_UNINITIALIZED_AUTOS = YES_AGGRESSIVE;
				GCC_WARN_UNUSED_FUNCTION = YES;
				GCC_WARN_UNUSED_VARIABLE = YES;
				IPHONEOS_DEPLOYMENT_TARGET = 17.2;
				LOCALIZATION_PREFERS_STRING_CATALOGS = YES;
				MTL_ENABLE_DEBUG_INFO = INCLUDE_SOURCE;
				MTL_FAST_MATH = YES;
				ONLY_ACTIVE_ARCH = YES;
				SDKROOT = iphoneos;
				SWIFT_ACTIVE_COMPILATION_CONDITIONS = "DEBUG $(inherited)";
				SWIFT_OPTIMIZATION_LEVEL = "-Onone";
			};
			name = Debug;
		};
		BFFD03432C91CAC3003AD983 /* Release */ = {
			isa = XCBuildConfiguration;
			buildSettings = {
				ALWAYS_SEARCH_USER_PATHS = NO;
				ASSETCATALOG_COMPILER_GENERATE_SWIFT_ASSET_SYMBOL_EXTENSIONS = YES;
				CLANG_ANALYZER_NONNULL = YES;
				CLANG_ANALYZER_NUMBER_OBJECT_CONVERSION = YES_AGGRESSIVE;
				CLANG_CXX_LANGUAGE_STANDARD = "gnu++20";
				CLANG_ENABLE_MODULES = YES;
				CLANG_ENABLE_OBJC_ARC = YES;
				CLANG_ENABLE_OBJC_WEAK = YES;
				CLANG_WARN_BLOCK_CAPTURE_AUTORELEASING = YES;
				CLANG_WARN_BOOL_CONVERSION = YES;
				CLANG_WARN_COMMA = YES;
				CLANG_WARN_CONSTANT_CONVERSION = YES;
				CLANG_WARN_DEPRECATED_OBJC_IMPLEMENTATIONS = YES;
				CLANG_WARN_DIRECT_OBJC_ISA_USAGE = YES_ERROR;
				CLANG_WARN_DOCUMENTATION_COMMENTS = YES;
				CLANG_WARN_EMPTY_BODY = YES;
				CLANG_WARN_ENUM_CONVERSION = YES;
				CLANG_WARN_INFINITE_RECURSION = YES;
				CLANG_WARN_INT_CONVERSION = YES;
				CLANG_WARN_NON_LITERAL_NULL_CONVERSION = YES;
				CLANG_WARN_OBJC_IMPLICIT_RETAIN_SELF = YES;
				CLANG_WARN_OBJC_LITERAL_CONVERSION = YES;
				CLANG_WARN_OBJC_ROOT_CLASS = YES_ERROR;
				CLANG_WARN_QUOTED_INCLUDE_IN_FRAMEWORK_HEADER = YES;
				CLANG_WARN_RANGE_LOOP_ANALYSIS = YES;
				CLANG_WARN_STRICT_PROTOTYPES = YES;
				CLANG_WARN_SUSPICIOUS_MOVE = YES;
				CLANG_WARN_UNGUARDED_AVAILABILITY = YES_AGGRESSIVE;
				CLANG_WARN_UNREACHABLE_CODE = YES;
				CLANG_WARN__DUPLICATE_METHOD_MATCH = YES;
				COPY_PHASE_STRIP = NO;
				DEBUG_INFORMATION_FORMAT = "dwarf-with-dsym";
				ENABLE_NS_ASSERTIONS = NO;
				ENABLE_STRICT_OBJC_MSGSEND = YES;
				ENABLE_USER_SCRIPT_SANDBOXING = YES;
				GCC_C_LANGUAGE_STANDARD = gnu17;
				GCC_NO_COMMON_BLOCKS = YES;
				GCC_WARN_64_TO_32_BIT_CONVERSION = YES;
				GCC_WARN_ABOUT_RETURN_TYPE = YES_ERROR;
				GCC_WARN_UNDECLARED_SELECTOR = YES;
				GCC_WARN_UNINITIALIZED_AUTOS = YES_AGGRESSIVE;
				GCC_WARN_UNUSED_FUNCTION = YES;
				GCC_WARN_UNUSED_VARIABLE = YES;
				IPHONEOS_DEPLOYMENT_TARGET = 17.2;
				LOCALIZATION_PREFERS_STRING_CATALOGS = YES;
				MTL_ENABLE_DEBUG_INFO = NO;
				MTL_FAST_MATH = YES;
				SDKROOT = iphoneos;
				SWIFT_COMPILATION_MODE = wholemodule;
				VALIDATE_PRODUCT = YES;
			};
			name = Release;
		};
		BFFD03452C91CAC3003AD983 /* Debug */ = {
			isa = XCBuildConfiguration;
			buildSettings = {
				ASSETCATALOG_COMPILER_APPICON_NAME = AppIcon;
				ASSETCATALOG_COMPILER_GLOBAL_ACCENT_COLOR_NAME = AccentColor;
				CODE_SIGN_STYLE = Automatic;
				CURRENT_PROJECT_VERSION = 1;
				GENERATE_INFOPLIST_FILE = YES;
				INFOPLIST_FILE = CombineMVVMUIKitExample/Info.plist;
				INFOPLIST_KEY_UIApplicationSupportsIndirectInputEvents = YES;
				INFOPLIST_KEY_UILaunchStoryboardName = LaunchScreen;
				INFOPLIST_KEY_UISupportedInterfaceOrientations_iPad = "UIInterfaceOrientationPortrait UIInterfaceOrientationPortraitUpsideDown UIInterfaceOrientationLandscapeLeft UIInterfaceOrientationLandscapeRight";
				INFOPLIST_KEY_UISupportedInterfaceOrientations_iPhone = "UIInterfaceOrientationPortrait UIInterfaceOrientationLandscapeLeft UIInterfaceOrientationLandscapeRight";
				LD_RUNPATH_SEARCH_PATHS = (
					"$(inherited)",
					"@executable_path/Frameworks",
				);
				MARKETING_VERSION = 1.0;
				PRODUCT_BUNDLE_IDENTIFIER = com.CombineMVVMUIKitExample;
				PRODUCT_NAME = "$(TARGET_NAME)";
				SWIFT_EMIT_LOC_STRINGS = YES;
				SWIFT_VERSION = 5.0;
				TARGETED_DEVICE_FAMILY = "1,2";
			};
			name = Debug;
		};
		BFFD03462C91CAC3003AD983 /* Release */ = {
			isa = XCBuildConfiguration;
			buildSettings = {
				ASSETCATALOG_COMPILER_APPICON_NAME = AppIcon;
				ASSETCATALOG_COMPILER_GLOBAL_ACCENT_COLOR_NAME = AccentColor;
				CODE_SIGN_STYLE = Automatic;
				CURRENT_PROJECT_VERSION = 1;
				GENERATE_INFOPLIST_FILE = YES;
				INFOPLIST_FILE = CombineMVVMUIKitExample/Info.plist;
				INFOPLIST_KEY_UIApplicationSupportsIndirectInputEvents = YES;
				INFOPLIST_KEY_UILaunchStoryboardName = LaunchScreen;
				INFOPLIST_KEY_UISupportedInterfaceOrientations_iPad = "UIInterfaceOrientationPortrait UIInterfaceOrientationPortraitUpsideDown UIInterfaceOrientationLandscapeLeft UIInterfaceOrientationLandscapeRight";
				INFOPLIST_KEY_UISupportedInterfaceOrientations_iPhone = "UIInterfaceOrientationPortrait UIInterfaceOrientationLandscapeLeft UIInterfaceOrientationLandscapeRight";
				LD_RUNPATH_SEARCH_PATHS = (
					"$(inherited)",
					"@executable_path/Frameworks",
				);
				MARKETING_VERSION = 1.0;
				PRODUCT_BUNDLE_IDENTIFIER = com.CombineMVVMUIKitExample;
				PRODUCT_NAME = "$(TARGET_NAME)";
				SWIFT_EMIT_LOC_STRINGS = YES;
				SWIFT_VERSION = 5.0;
				TARGETED_DEVICE_FAMILY = "1,2";
			};
			name = Release;
		};
/* End XCBuildConfiguration section */

/* Begin XCConfigurationList section */
		BFFD032B2C91CAC1003AD983 /* Build configuration list for PBXProject "CombineMVVMUIKitExample" */ = {
			isa = XCConfigurationList;
			buildConfigurations = (
				BFFD03422C91CAC3003AD983 /* Debug */,
				BFFD03432C91CAC3003AD983 /* Release */,
			);
			defaultConfigurationIsVisible = 0;
			defaultConfigurationName = Release;
		};
		BFFD03442C91CAC3003AD983 /* Build configuration list for PBXNativeTarget "CombineMVVMUIKitExample" */ = {
			isa = XCConfigurationList;
			buildConfigurations = (
				BFFD03452C91CAC3003AD983 /* Debug */,
				BFFD03462C91CAC3003AD983 /* Release */,
			);
			defaultConfigurationIsVisible = 0;
			defaultConfigurationName = Release;
		};
/* End XCConfigurationList section */
	};
	rootObject = BFFD03282C91CAC0003AD983 /* Project object */;
}
